
Microsoft Visual Studio Solution File, Format Version 12.00
# Visual Studio 2012
Project("{8BC9CEB8-8B4A-11D0-8D11-00A0C91BC942}") = "compress", "compress\compress.vcxproj", "{BA88A0CF-D9D3-431B-B569-8B18DE01F5BF}"
EndProject
Global
	GlobalSection(SolutionConfigurationPlatforms) = preSolution
		Debug|Win32 = Debug|Win32
		Release|Win32 = Release|Win32
	EndGlobalSection
	GlobalSection(ProjectConfigurationPlatforms) = postSolution
		{BA88A0CF-D9D3-431B-B569-8B18DE01F5BF}.Debug|Win32.ActiveCfg = Debug|Win32
		{BA88A0CF-D9D3-431B-B569-8B18DE01F5BF}.Debug|Win32.Build.0 = Debug|Win32
		{BA88A0CF-D9D3-431B-B569-8B18DE01F5BF}.Release|Win32.ActiveCfg = Release|Win32
		{BA88A0CF-D9D3-431B-B569-8B18DE01F5BF}.Release|Win32.Build.0 = Release|Win32
	EndGlobalSection
	GlobalSection(SolutionProperties) = preSolution
		HideSolutionNode = FALSE
	EndGlobalSection
EndGlobal
